
Microsoft Visual Studio Solution File, Format Version 12.00
# Visual Studio Version 17
VisualStudioVersion = 17.9.34723.18
MinimumVisualStudioVersion = 10.0.40219.1
Project("{9A19103F-16F7-4668-BE54-9A1E7A4F7556}") = "hackathon-file-import.api", "hackathon-file-import.api.csproj", "{B5059400-C83C-47A8-8FB0-22746351B962}"
EndProject
Project("{9A19103F-16F7-4668-BE54-9A1E7A4F7556}") = "hackaton-file-import.common", "..\..\..\Downloads\hackaton-oauth.common\hackaton-file-import.common.csproj", "{2C92DD6C-CC7F-4580-A5AE-B1549C0B9177}"
EndProject
Global
	GlobalSection(SolutionConfigurationPlatforms) = preSolution
		Debug|Any CPU = Debug|Any CPU
		Release|Any CPU = Release|Any CPU
	EndGlobalSection
	GlobalSection(ProjectConfigurationPlatforms) = postSolution
		{B5059400-C83C-47A8-8FB0-22746351B962}.Debug|Any CPU.ActiveCfg = Debug|Any CPU
		{B5059400-C83C-47A8-8FB0-22746351B962}.Debug|Any CPU.Build.0 = Debug|Any CPU
		{B5059400-C83C-47A8-8FB0-22746351B962}.Release|Any CPU.ActiveCfg = Release|Any CPU
		{B5059400-C83C-47A8-8FB0-22746351B962}.Release|Any CPU.Build.0 = Release|Any CPU
		{2C92DD6C-CC7F-4580-A5AE-B1549C0B9177}.Debug|Any CPU.ActiveCfg = Debug|Any CPU
		{2C92DD6C-CC7F-4580-A5AE-B1549C0B9177}.Debug|Any CPU.Build.0 = Debug|Any CPU
		{2C92DD6C-CC7F-4580-A5AE-B1549C0B9177}.Release|Any CPU.ActiveCfg = Release|Any CPU
		{2C92DD6C-CC7F-4580-A5AE-B1549C0B9177}.Release|Any CPU.Build.0 = Release|Any CPU
	EndGlobalSection
	GlobalSection(SolutionProperties) = preSolution
		HideSolutionNode = FALSE
	EndGlobalSection
	GlobalSection(ExtensibilityGlobals) = postSolution
		SolutionGuid = {49C25C04-FF9A-456F-9874-A1B7B55DB238}
	EndGlobalSection
EndGlobal
